
Microsoft Visual Studio Solution File, Format Version 12.00
# Visual Studio 15
Project("{FAE04EC0-301F-11D3-BF4B-00C04F79EFBC}") = "DelegateAppli", "DelegateAppli\DelegateAppli.csproj", "{FF21C2AC-045A-468E-9128-08962947E1F8}"
EndProject
Global
	GlobalSection(SolutionConfigurationPlatforms) = preSolution
		Debug|anycpu = Debug|anycpu
		Release|anycpu = Release|anycpu
	EndGlobalSection
	GlobalSection(ProjectConfigurationPlatforms) = postSolution
		{FF21C2AC-045A-468E-9128-08962947E1F8}.Debug|anycpu.ActiveCfg = Debug|anycpu
		{FF21C2AC-045A-468E-9128-08962947E1F8}.Debug|anycpu.Build.0 = Debug|anycpu
		{FF21C2AC-045A-468E-9128-08962947E1F8}.Release|anycpu.ActiveCfg = Release|anycpu
		{FF21C2AC-045A-468E-9128-08962947E1F8}.Release|anycpu.Build.0 = Release|anycpu
	EndGlobalSection
EndGlobal
